
Microsoft Visual Studio Solution File, Format Version 12.00
# Visual Studio Version 16
VisualStudioVersion = 16.0.31005.135
MinimumVisualStudioVersion = 10.0.40219.1
Project("{9A19103F-16F7-4668-BE54-9A1E7A4F7556}") = "1.ChapterOne1.13", "1.ChapterOne1.13.csproj", "{F5EAFD4D-8AE5-4CB7-A7A2-9BD99469E723}"
EndProject
Project("{9A19103F-16F7-4668-BE54-9A1E7A4F7556}") = "1.ChapterOne1.14", "..\ChapterOne1.14\1.ChapterOne1.14.csproj", "{A187CB64-F198-4C4B-AF9B-7B3B7C25450A}"
EndProject
Project("{9A19103F-16F7-4668-BE54-9A1E7A4F7556}") = "1.ChapterOne1.15", "..\ChapterOne1.15\1.ChapterOne1.15.csproj", "{FCD80D20-CFB5-44D1-89EC-647B3C1CC019}"
EndProject
Project("{9A19103F-16F7-4668-BE54-9A1E7A4F7556}") = "1.ChapterOne1.17", "..\ChapterOne1.17\1.ChapterOne1.17.csproj", "{55A9A9BF-CCCC-48C2-B5F0-9C99AC51C26A}"
EndProject
Project("{9A19103F-16F7-4668-BE54-9A1E7A4F7556}") = "1.ChapterOne1.18", "..\ChapterOne1.18\1.ChapterOne1.18.csproj", "{387A277B-8F7A-46F2-9FB4-9D1F21BCA61D}"
EndProject
Project("{9A19103F-16F7-4668-BE54-9A1E7A4F7556}") = "1.ChapterOne1.21", "..\ChapterOne1.21\1.ChapterOne1.21.csproj", "{5B217424-4237-4CD1-8D21-4DB46917FA54}"
EndProject
Project("{9A19103F-16F7-4668-BE54-9A1E7A4F7556}") = "1.ChapterOneLoopsAndIterations", "..\ChapterOneLoopsAndIterations\1.ChapterOneLoopsAndIterations.csproj", "{2C82FAC3-D5A8-4080-A92C-75D5DE1B8AF3}"
EndProject
Project("{9A19103F-16F7-4668-BE54-9A1E7A4F7556}") = "1.ChapterOneOperators", "..\ChapterOneOperators\1.ChapterOneOperators.csproj", "{40604257-B88B-47E6-AF29-C2FB009A1EF3}"
EndProject
Project("{9A19103F-16F7-4668-BE54-9A1E7A4F7556}") = "1.ChapterOne1.33", "..\ChapterOne1.33\1.ChapterOne1.33.csproj", "{41FE9D94-672A-4D36-8A80-EC6109319DFF}"
EndProject
Project("{9A19103F-16F7-4668-BE54-9A1E7A4F7556}") = "1.ChapterOne1.34", "..\ChapterOne1.34\1.ChapterOne1.34.csproj", "{5FAD53B1-AC75-473E-8F86-4A7981E45704}"
EndProject
Project("{9A19103F-16F7-4668-BE54-9A1E7A4F7556}") = "1.ChapterOneErrorHandling", "..\ChapterOneErrorHandling\1.ChapterOneErrorHandling.csproj", "{E8E7E38E-4F66-416C-A2C2-7EAAC584DAF7}"
EndProject
Project("{9A19103F-16F7-4668-BE54-9A1E7A4F7556}") = "1.ChapterOne1.41", "..\1.ChapterOne1.41\1.ChapterOne1.41.csproj", "{FB49175F-8D07-4296-9CA5-0C3707C57861}"
EndProject
Project("{9A19103F-16F7-4668-BE54-9A1E7A4F7556}") = "1.ChapterOne1.42", "..\1.ChapterOne1.42\1.ChapterOne1.42.csproj", "{F0D93520-851B-417C-A025-148E2E069343}"
EndProject
Project("{9A19103F-16F7-4668-BE54-9A1E7A4F7556}") = "1.ChapterOne1.43", "..\1.ChapterOne1.43\1.ChapterOne1.43.csproj", "{6CEE7E94-3309-4BB6-B000-0FF7E2D1890E}"
EndProject
Project("{9A19103F-16F7-4668-BE54-9A1E7A4F7556}") = "1.ChapterOne1.44_45", "..\1.ChapterOne1.44_45\1.ChapterOne1.44_45.csproj", "{155C2F55-443A-4D83-8F38-D6C354AFFADB}"
EndProject
Project("{9A19103F-16F7-4668-BE54-9A1E7A4F7556}") = "2.ChapterTwo2.3", "..\2.ChapterTwo2.3\2.ChapterTwo2.3.csproj", "{55076960-9C9F-4004-8B38-4AD840D1FEAA}"
EndProject
Project("{9A19103F-16F7-4668-BE54-9A1E7A4F7556}") = "2.ChapterTwo2.9", "..\2.ChapterTwo2.9\2.ChapterTwo2.9.csproj", "{65801E31-DCF4-4702-A63E-E00D65A11FD7}"
EndProject
Project("{9A19103F-16F7-4668-BE54-9A1E7A4F7556}") = "2.ChapterTwo2.12_14", "..\2.ChapterTwo2.12_14\2.ChapterTwo2.12_14.csproj", "{31B1F852-3592-4245-B0C1-1025C52D020C}"
EndProject
Project("{9A19103F-16F7-4668-BE54-9A1E7A4F7556}") = "3.ChapterThree", "..\3.ChapterThree\3.ChapterThree.csproj", "{D3629990-3A8B-4002-882A-883AB248BACE}"
EndProject
Project("{9A19103F-16F7-4668-BE54-9A1E7A4F7556}") = "4.ChapterFour", "..\4.ChapterFour\4.ChapterFour.csproj", "{99587A55-5815-4A5C-99A6-E33A72CA5C4B}"
EndProject
Project("{9A19103F-16F7-4668-BE54-9A1E7A4F7556}") = "5.ChapterFive", "..\5.ChapterFive\5.ChapterFive.csproj", "{6F3CCCEE-7062-45EB-A324-BB18FFE1319E}"
EndProject
Project("{9A19103F-16F7-4668-BE54-9A1E7A4F7556}") = "5.ChapterFivePolymorphism", "..\5.ChapterFivePolymorphism\5.ChapterFivePolymorphism.csproj", "{14E0F5AA-7C9B-4322-92A4-2B2A3CF96F78}"
EndProject
Project("{9A19103F-16F7-4668-BE54-9A1E7A4F7556}") = "6.ChapterSix6.1", "..\6.ChapterSix6.1\6.ChapterSix6.1.csproj", "{19468C78-9092-41ED-928D-17A450EDFBC6}"
EndProject
Project("{FAE04EC0-301F-11D3-BF4B-00C04F79EFBC}") = "7.ChapterSeven", "..\7.ChapterSeven\7.ChapterSeven.csproj", "{F62E3B59-9A76-431C-93E4-4F0EC235A902}"
EndProject
Project("{FAE04EC0-301F-11D3-BF4B-00C04F79EFBC}") = "8.ChapterEightConsole", "..\8.ChapterEightConsole\8.ChapterEightConsole.csproj", "{F87D1B22-0088-4068-9A7C-B5CDCF1B241D}"
EndProject
Project("{FAE04EC0-301F-11D3-BF4B-00C04F79EFBC}") = "8.ChapterEightWeb", "..\8.ChapterEightWeb\8.ChapterEightWeb.csproj", "{779EC400-6D1E-4C04-83F6-C2B547D63494}"
EndProject
Project("{FAE04EC0-301F-11D3-BF4B-00C04F79EFBC}") = "9.ChapterNine", "..\9.ChapterNine\9.ChapterNine.csproj", "{323398DD-1DEF-4DAA-BA4E-913E639327A2}"
EndProject
Project("{FAE04EC0-301F-11D3-BF4B-00C04F79EFBC}") = "10.ChapterTen", "..\10.ChapterTen\10.ChapterTen.csproj", "{866AD7B7-1F43-4D33-824B-9F67F89FC258}"
EndProject
Project("{FAE04EC0-301F-11D3-BF4B-00C04F79EFBC}") = "11.ChapterEleven", "..\11.ChapterEleven\11.ChapterEleven.csproj", "{2F7E5D2C-0576-4B71-93FD-0B63F44DCAB4}"
EndProject
Project("{FAE04EC0-301F-11D3-BF4B-00C04F79EFBC}") = "12.ChapterTwelve", "..\12.ChapterTwelve\12.ChapterTwelve.csproj", "{C3D9058C-8BAD-436F-A016-A7DDC0DAA1C7}"
EndProject
Project("{FAE04EC0-301F-11D3-BF4B-00C04F79EFBC}") = "13.ChapterThirteen", "..\13.ChapterThirteen\13.ChapterThirteen.csproj", "{BE7CCB32-F699-4375-AF9C-0BC0CCA2EB6A}"
EndProject
Project("{FAE04EC0-301F-11D3-BF4B-00C04F79EFBC}") = "14.ChapterFourteen", "..\14.ChapterFourteen\14.ChapterFourteen.csproj", "{B84B7CEF-F0EA-4F82-A950-7A71EB6F8445}"
EndProject
Project("{FAE04EC0-301F-11D3-BF4B-00C04F79EFBC}") = "15.ChapterFifteen", "..\15.ChapterFifteen\15.ChapterFifteen.csproj", "{653B66D6-313F-45DC-B909-3A1380A1435F}"
EndProject
Project("{FAE04EC0-301F-11D3-BF4B-00C04F79EFBC}") = "16.ChapteSixteen", "..\16.ChapteSixteen\16.ChapteSixteen.csproj", "{CB30EC7D-0139-4D0C-99AA-F37F7764A247}"
EndProject
Global
	GlobalSection(SolutionConfigurationPlatforms) = preSolution
		Debug|Any CPU = Debug|Any CPU
		Release|Any CPU = Release|Any CPU
	EndGlobalSection
	GlobalSection(ProjectConfigurationPlatforms) = postSolution
		{F5EAFD4D-8AE5-4CB7-A7A2-9BD99469E723}.Debug|Any CPU.ActiveCfg = Debug|Any CPU
		{F5EAFD4D-8AE5-4CB7-A7A2-9BD99469E723}.Debug|Any CPU.Build.0 = Debug|Any CPU
		{F5EAFD4D-8AE5-4CB7-A7A2-9BD99469E723}.Release|Any CPU.ActiveCfg = Release|Any CPU
		{F5EAFD4D-8AE5-4CB7-A7A2-9BD99469E723}.Release|Any CPU.Build.0 = Release|Any CPU
		{A187CB64-F198-4C4B-AF9B-7B3B7C25450A}.Debug|Any CPU.ActiveCfg = Debug|Any CPU
		{A187CB64-F198-4C4B-AF9B-7B3B7C25450A}.Debug|Any CPU.Build.0 = Debug|Any CPU
		{A187CB64-F198-4C4B-AF9B-7B3B7C25450A}.Release|Any CPU.ActiveCfg = Release|Any CPU
		{A187CB64-F198-4C4B-AF9B-7B3B7C25450A}.Release|Any CPU.Build.0 = Release|Any CPU
		{FCD80D20-CFB5-44D1-89EC-647B3C1CC019}.Debug|Any CPU.ActiveCfg = Debug|Any CPU
		{FCD80D20-CFB5-44D1-89EC-647B3C1CC019}.Debug|Any CPU.Build.0 = Debug|Any CPU
		{FCD80D20-CFB5-44D1-89EC-647B3C1CC019}.Release|Any CPU.ActiveCfg = Release|Any CPU
		{FCD80D20-CFB5-44D1-89EC-647B3C1CC019}.Release|Any CPU.Build.0 = Release|Any CPU
		{55A9A9BF-CCCC-48C2-B5F0-9C99AC51C26A}.Debug|Any CPU.ActiveCfg = Debug|Any CPU
		{55A9A9BF-CCCC-48C2-B5F0-9C99AC51C26A}.Debug|Any CPU.Build.0 = Debug|Any CPU
		{55A9A9BF-CCCC-48C2-B5F0-9C99AC51C26A}.Release|Any CPU.ActiveCfg = Release|Any CPU
		{55A9A9BF-CCCC-48C2-B5F0-9C99AC51C26A}.Release|Any CPU.Build.0 = Release|Any CPU
		{387A277B-8F7A-46F2-9FB4-9D1F21BCA61D}.Debug|Any CPU.ActiveCfg = Debug|Any CPU
		{387A277B-8F7A-46F2-9FB4-9D1F21BCA61D}.Debug|Any CPU.Build.0 = Debug|Any CPU
		{387A277B-8F7A-46F2-9FB4-9D1F21BCA61D}.Release|Any CPU.ActiveCfg = Release|Any CPU
		{387A277B-8F7A-46F2-9FB4-9D1F21BCA61D}.Release|Any CPU.Build.0 = Release|Any CPU
		{5B217424-4237-4CD1-8D21-4DB46917FA54}.Debug|Any CPU.ActiveCfg = Debug|Any CPU
		{5B217424-4237-4CD1-8D21-4DB46917FA54}.Debug|Any CPU.Build.0 = Debug|Any CPU
		{5B217424-4237-4CD1-8D21-4DB46917FA54}.Release|Any CPU.ActiveCfg = Release|Any CPU
		{5B217424-4237-4CD1-8D21-4DB46917FA54}.Release|Any CPU.Build.0 = Release|Any CPU
		{2C82FAC3-D5A8-4080-A92C-75D5DE1B8AF3}.Debug|Any CPU.ActiveCfg = Debug|Any CPU
		{2C82FAC3-D5A8-4080-A92C-75D5DE1B8AF3}.Debug|Any CPU.Build.0 = Debug|Any CPU
		{2C82FAC3-D5A8-4080-A92C-75D5DE1B8AF3}.Release|Any CPU.ActiveCfg = Release|Any CPU
		{2C82FAC3-D5A8-4080-A92C-75D5DE1B8AF3}.Release|Any CPU.Build.0 = Release|Any CPU
		{40604257-B88B-47E6-AF29-C2FB009A1EF3}.Debug|Any CPU.ActiveCfg = Debug|Any CPU
		{40604257-B88B-47E6-AF29-C2FB009A1EF3}.Debug|Any CPU.Build.0 = Debug|Any CPU
		{40604257-B88B-47E6-AF29-C2FB009A1EF3}.Release|Any CPU.ActiveCfg = Release|Any CPU
		{40604257-B88B-47E6-AF29-C2FB009A1EF3}.Release|Any CPU.Build.0 = Release|Any CPU
		{41FE9D94-672A-4D36-8A80-EC6109319DFF}.Debug|Any CPU.ActiveCfg = Debug|Any CPU
		{41FE9D94-672A-4D36-8A80-EC6109319DFF}.Debug|Any CPU.Build.0 = Debug|Any CPU
		{41FE9D94-672A-4D36-8A80-EC6109319DFF}.Release|Any CPU.ActiveCfg = Release|Any CPU
		{41FE9D94-672A-4D36-8A80-EC6109319DFF}.Release|Any CPU.Build.0 = Release|Any CPU
		{5FAD53B1-AC75-473E-8F86-4A7981E45704}.Debug|Any CPU.ActiveCfg = Debug|Any CPU
		{5FAD53B1-AC75-473E-8F86-4A7981E45704}.Debug|Any CPU.Build.0 = Debug|Any CPU
		{5FAD53B1-AC75-473E-8F86-4A7981E45704}.Release|Any CPU.ActiveCfg = Release|Any CPU
		{5FAD53B1-AC75-473E-8F86-4A7981E45704}.Release|Any CPU.Build.0 = Release|Any CPU
		{E8E7E38E-4F66-416C-A2C2-7EAAC584DAF7}.Debug|Any CPU.ActiveCfg = Debug|Any CPU
		{E8E7E38E-4F66-416C-A2C2-7EAAC584DAF7}.Debug|Any CPU.Build.0 = Debug|Any CPU
		{E8E7E38E-4F66-416C-A2C2-7EAAC584DAF7}.Release|Any CPU.ActiveCfg = Release|Any CPU
		{E8E7E38E-4F66-416C-A2C2-7EAAC584DAF7}.Release|Any CPU.Build.0 = Release|Any CPU
		{FB49175F-8D07-4296-9CA5-0C3707C57861}.Debug|Any CPU.ActiveCfg = Debug|Any CPU
		{FB49175F-8D07-4296-9CA5-0C3707C57861}.Debug|Any CPU.Build.0 = Debug|Any CPU
		{FB49175F-8D07-4296-9CA5-0C3707C57861}.Release|Any CPU.ActiveCfg = Release|Any CPU
		{FB49175F-8D07-4296-9CA5-0C3707C57861}.Release|Any CPU.Build.0 = Release|Any CPU
		{F0D93520-851B-417C-A025-148E2E069343}.Debug|Any CPU.ActiveCfg = Debug|Any CPU
		{F0D93520-851B-417C-A025-148E2E069343}.Debug|Any CPU.Build.0 = Debug|Any CPU
		{F0D93520-851B-417C-A025-148E2E069343}.Release|Any CPU.ActiveCfg = Release|Any CPU
		{F0D93520-851B-417C-A025-148E2E069343}.Release|Any CPU.Build.0 = Release|Any CPU
		{6CEE7E94-3309-4BB6-B000-0FF7E2D1890E}.Debug|Any CPU.ActiveCfg = Debug|Any CPU
		{6CEE7E94-3309-4BB6-B000-0FF7E2D1890E}.Debug|Any CPU.Build.0 = Debug|Any CPU
		{6CEE7E94-3309-4BB6-B000-0FF7E2D1890E}.Release|Any CPU.ActiveCfg = Release|Any CPU
		{6CEE7E94-3309-4BB6-B000-0FF7E2D1890E}.Release|Any CPU.Build.0 = Release|Any CPU
		{155C2F55-443A-4D83-8F38-D6C354AFFADB}.Debug|Any CPU.ActiveCfg = Debug|Any CPU
		{155C2F55-443A-4D83-8F38-D6C354AFFADB}.Debug|Any CPU.Build.0 = Debug|Any CPU
		{155C2F55-443A-4D83-8F38-D6C354AFFADB}.Release|Any CPU.ActiveCfg = Release|Any CPU
		{155C2F55-443A-4D83-8F38-D6C354AFFADB}.Release|Any CPU.Build.0 = Release|Any CPU
		{55076960-9C9F-4004-8B38-4AD840D1FEAA}.Debug|Any CPU.ActiveCfg = Debug|Any CPU
		{55076960-9C9F-4004-8B38-4AD840D1FEAA}.Debug|Any CPU.Build.0 = Debug|Any CPU
		{55076960-9C9F-4004-8B38-4AD840D1FEAA}.Release|Any CPU.ActiveCfg = Release|Any CPU
		{55076960-9C9F-4004-8B38-4AD840D1FEAA}.Release|Any CPU.Build.0 = Release|Any CPU
		{65801E31-DCF4-4702-A63E-E00D65A11FD7}.Debug|Any CPU.ActiveCfg = Debug|Any CPU
		{65801E31-DCF4-4702-A63E-E00D65A11FD7}.Debug|Any CPU.Build.0 = Debug|Any CPU
		{65801E31-DCF4-4702-A63E-E00D65A11FD7}.Release|Any CPU.ActiveCfg = Release|Any CPU
		{65801E31-DCF4-4702-A63E-E00D65A11FD7}.Release|Any CPU.Build.0 = Release|Any CPU
		{31B1F852-3592-4245-B0C1-1025C52D020C}.Debug|Any CPU.ActiveCfg = Debug|Any CPU
		{31B1F852-3592-4245-B0C1-1025C52D020C}.Debug|Any CPU.Build.0 = Debug|Any CPU
		{31B1F852-3592-4245-B0C1-1025C52D020C}.Release|Any CPU.ActiveCfg = Release|Any CPU
		{31B1F852-3592-4245-B0C1-1025C52D020C}.Release|Any CPU.Build.0 = Release|Any CPU
		{D3629990-3A8B-4002-882A-883AB248BACE}.Debug|Any CPU.ActiveCfg = Debug|Any CPU
		{D3629990-3A8B-4002-882A-883AB248BACE}.Debug|Any CPU.Build.0 = Debug|Any CPU
		{D3629990-3A8B-4002-882A-883AB248BACE}.Release|Any CPU.ActiveCfg = Release|Any CPU
		{D3629990-3A8B-4002-882A-883AB248BACE}.Release|Any CPU.Build.0 = Release|Any CPU
		{99587A55-5815-4A5C-99A6-E33A72CA5C4B}.Debug|Any CPU.ActiveCfg = Debug|Any CPU
		{99587A55-5815-4A5C-99A6-E33A72CA5C4B}.Debug|Any CPU.Build.0 = Debug|Any CPU
		{99587A55-5815-4A5C-99A6-E33A72CA5C4B}.Release|Any CPU.ActiveCfg = Release|Any CPU
		{99587A55-5815-4A5C-99A6-E33A72CA5C4B}.Release|Any CPU.Build.0 = Release|Any CPU
		{6F3CCCEE-7062-45EB-A324-BB18FFE1319E}.Debug|Any CPU.ActiveCfg = Debug|Any CPU
		{6F3CCCEE-7062-45EB-A324-BB18FFE1319E}.Debug|Any CPU.Build.0 = Debug|Any CPU
		{6F3CCCEE-7062-45EB-A324-BB18FFE1319E}.Release|Any CPU.ActiveCfg = Release|Any CPU
		{6F3CCCEE-7062-45EB-A324-BB18FFE1319E}.Release|Any CPU.Build.0 = Release|Any CPU
		{14E0F5AA-7C9B-4322-92A4-2B2A3CF96F78}.Debug|Any CPU.ActiveCfg = Debug|Any CPU
		{14E0F5AA-7C9B-4322-92A4-2B2A3CF96F78}.Debug|Any CPU.Build.0 = Debug|Any CPU
		{14E0F5AA-7C9B-4322-92A4-2B2A3CF96F78}.Release|Any CPU.ActiveCfg = Release|Any CPU
		{14E0F5AA-7C9B-4322-92A4-2B2A3CF96F78}.Release|Any CPU.Build.0 = Release|Any CPU
		{19468C78-9092-41ED-928D-17A450EDFBC6}.Debug|Any CPU.ActiveCfg = Debug|Any CPU
		{19468C78-9092-41ED-928D-17A450EDFBC6}.Debug|Any CPU.Build.0 = Debug|Any CPU
		{19468C78-9092-41ED-928D-17A450EDFBC6}.Release|Any CPU.ActiveCfg = Release|Any CPU
		{19468C78-9092-41ED-928D-17A450EDFBC6}.Release|Any CPU.Build.0 = Release|Any CPU
		{F62E3B59-9A76-431C-93E4-4F0EC235A902}.Debug|Any CPU.ActiveCfg = Debug|Any CPU
		{F62E3B59-9A76-431C-93E4-4F0EC235A902}.Debug|Any CPU.Build.0 = Debug|Any CPU
		{F62E3B59-9A76-431C-93E4-4F0EC235A902}.Release|Any CPU.ActiveCfg = Release|Any CPU
		{F62E3B59-9A76-431C-93E4-4F0EC235A902}.Release|Any CPU.Build.0 = Release|Any CPU
		{F87D1B22-0088-4068-9A7C-B5CDCF1B241D}.Debug|Any CPU.ActiveCfg = Debug|Any CPU
		{F87D1B22-0088-4068-9A7C-B5CDCF1B241D}.Debug|Any CPU.Build.0 = Debug|Any CPU
		{F87D1B22-0088-4068-9A7C-B5CDCF1B241D}.Release|Any CPU.ActiveCfg = Release|Any CPU
		{F87D1B22-0088-4068-9A7C-B5CDCF1B241D}.Release|Any CPU.Build.0 = Release|Any CPU
		{779EC400-6D1E-4C04-83F6-C2B547D63494}.Debug|Any CPU.ActiveCfg = Debug|Any CPU
		{779EC400-6D1E-4C04-83F6-C2B547D63494}.Debug|Any CPU.Build.0 = Debug|Any CPU
		{779EC400-6D1E-4C04-83F6-C2B547D63494}.Release|Any CPU.ActiveCfg = Release|Any CPU
		{779EC400-6D1E-4C04-83F6-C2B547D63494}.Release|Any CPU.Build.0 = Release|Any CPU
		{323398DD-1DEF-4DAA-BA4E-913E639327A2}.Debug|Any CPU.ActiveCfg = Debug|Any CPU
		{323398DD-1DEF-4DAA-BA4E-913E639327A2}.Debug|Any CPU.Build.0 = Debug|Any CPU
		{323398DD-1DEF-4DAA-BA4E-913E639327A2}.Release|Any CPU.ActiveCfg = Release|Any CPU
		{323398DD-1DEF-4DAA-BA4E-913E639327A2}.Release|Any CPU.Build.0 = Release|Any CPU
		{866AD7B7-1F43-4D33-824B-9F67F89FC258}.Debug|Any CPU.ActiveCfg = Debug|Any CPU
		{866AD7B7-1F43-4D33-824B-9F67F89FC258}.Debug|Any CPU.Build.0 = Debug|Any CPU
		{866AD7B7-1F43-4D33-824B-9F67F89FC258}.Release|Any CPU.ActiveCfg = Release|Any CPU
		{866AD7B7-1F43-4D33-824B-9F67F89FC258}.Release|Any CPU.Build.0 = Release|Any CPU
		{2F7E5D2C-0576-4B71-93FD-0B63F44DCAB4}.Debug|Any CPU.ActiveCfg = Debug|Any CPU
		{2F7E5D2C-0576-4B71-93FD-0B63F44DCAB4}.Debug|Any CPU.Build.0 = Debug|Any CPU
		{2F7E5D2C-0576-4B71-93FD-0B63F44DCAB4}.Release|Any CPU.ActiveCfg = Release|Any CPU
		{2F7E5D2C-0576-4B71-93FD-0B63F44DCAB4}.Release|Any CPU.Build.0 = Release|Any CPU
		{C3D9058C-8BAD-436F-A016-A7DDC0DAA1C7}.Debug|Any CPU.ActiveCfg = Debug|Any CPU
		{C3D9058C-8BAD-436F-A016-A7DDC0DAA1C7}.Debug|Any CPU.Build.0 = Debug|Any CPU
		{C3D9058C-8BAD-436F-A016-A7DDC0DAA1C7}.Release|Any CPU.ActiveCfg = Release|Any CPU
		{C3D9058C-8BAD-436F-A016-A7DDC0DAA1C7}.Release|Any CPU.Build.0 = Release|Any CPU
		{BE7CCB32-F699-4375-AF9C-0BC0CCA2EB6A}.Debug|Any CPU.ActiveCfg = Debug|Any CPU
		{BE7CCB32-F699-4375-AF9C-0BC0CCA2EB6A}.Debug|Any CPU.Build.0 = Debug|Any CPU
		{BE7CCB32-F699-4375-AF9C-0BC0CCA2EB6A}.Release|Any CPU.ActiveCfg = Release|Any CPU
		{BE7CCB32-F699-4375-AF9C-0BC0CCA2EB6A}.Release|Any CPU.Build.0 = Release|Any CPU
		{B84B7CEF-F0EA-4F82-A950-7A71EB6F8445}.Debug|Any CPU.ActiveCfg = Debug|Any CPU
		{B84B7CEF-F0EA-4F82-A950-7A71EB6F8445}.Debug|Any CPU.Build.0 = Debug|Any CPU
		{B84B7CEF-F0EA-4F82-A950-7A71EB6F8445}.Release|Any CPU.ActiveCfg = Release|Any CPU
		{B84B7CEF-F0EA-4F82-A950-7A71EB6F8445}.Release|Any CPU.Build.0 = Release|Any CPU
		{653B66D6-313F-45DC-B909-3A1380A1435F}.Debug|Any CPU.ActiveCfg = Debug|Any CPU
		{653B66D6-313F-45DC-B909-3A1380A1435F}.Debug|Any CPU.Build.0 = Debug|Any CPU
		{653B66D6-313F-45DC-B909-3A1380A1435F}.Release|Any CPU.ActiveCfg = Release|Any CPU
		{653B66D6-313F-45DC-B909-3A1380A1435F}.Release|Any CPU.Build.0 = Release|Any CPU
		{CB30EC7D-0139-4D0C-99AA-F37F7764A247}.Debug|Any CPU.ActiveCfg = Debug|Any CPU
		{CB30EC7D-0139-4D0C-99AA-F37F7764A247}.Debug|Any CPU.Build.0 = Debug|Any CPU
		{CB30EC7D-0139-4D0C-99AA-F37F7764A247}.Release|Any CPU.ActiveCfg = Release|Any CPU
		{CB30EC7D-0139-4D0C-99AA-F37F7764A247}.Release|Any CPU.Build.0 = Release|Any CPU
	EndGlobalSection
	GlobalSection(SolutionProperties) = preSolution
		HideSolutionNode = FALSE
	EndGlobalSection
	GlobalSection(ExtensibilityGlobals) = postSolution
		SolutionGuid = {310948F2-4E2E-406E-B4B1-0FFA8FDC774B}
	EndGlobalSection
EndGlobal
